# This file is autogenerated, do not edit; changes may be undone by the next 'dep ensure'.


[[projects]]
  branch = "master"
  digest = "1:b13658c66d584e6e791a63cc5606f1f02b85cbabcfb769f716b47896faeeccc3"
  name = "github.com/ARGOeu/go-lru-cache"
  packages = ["."]
  pruneopts = "UT"
  revision = "c228b0b719e1e618617051f7f20516c9cdee98eb"

[[projects]]
  digest = "1:064cc823564b07bc21f1c19f940aae516f6faca84785144ae73bdf7069e32324"
  name = "github.com/Sirupsen/logrus"
  packages = ["."]
  pruneopts = "UT"
  revision = "10f801ebc38b33738c9d17d50860f484a0988ff5"

[[projects]]
  digest = "1:83311d84d8d89873dc6336e493f0242208690a502b5edcb6893aadda71c95e8c"
  name = "github.com/cznic/b"
  packages = ["."]
  pruneopts = "UT"
  revision = "bcff30a622dbdcb425aba904792de1df606dab7c"

[[projects]]
  digest = "1:e9684f376cdd9a3b44b0a0cb8c626ce5e907a5541fad0c50e1e6d5f8999609ae"
  name = "github.com/golang/protobuf"
  packages = ["proto"]
  pruneopts = "UT"
  revision = "c9c7427a2a70d2eb3bafa0ab2dc163e45f143317"

[[projects]]
  digest = "1:e76c0a53389bf29d116440dc97c44fa59796dda4a79aeca1eb8113150dd1db50"
  name = "github.com/gorilla/context"
  packages = ["."]
  pruneopts = "UT"
  revision = "1c83b3eabd45b6d76072b66b746c20815fb2872d"

[[projects]]
  digest = "1:8d6527d915a5b5146500e1d4cb5a5c35ff29a8ee08e89fcc18dfdfdeb4a3eb8a"
  name = "github.com/gorilla/handlers"
  packages = ["."]
  pruneopts = "UT"
  revision = "a5775781a543af3c6b9f5baf10995e4d14168950"

[[projects]]
  digest = "1:64898d969f38f893595d5072356bd56305dc7b2ae1d5de8000676ceab1260066"
  name = "github.com/gorilla/mux"
  packages = ["."]
  pruneopts = "UT"
  revision = "49c024275504f0341e5a9971eb7ba7fa3dc7af40"

[[projects]]
  digest = "1:142520cf3c9bb85449dd0000f820b8c604531587ee654793c54909be7dabadac"
  name = "github.com/samuel/go-zookeeper"
  packages = ["zk"]
  pruneopts = "UT"
  revision = "1d7be4effb13d2d908342d349d71a284a7542693"

[[projects]]
  digest = "1:f16f9c5a01bd2629dccb4fb7a3fac265f2e66e5eff05bf34012ba51e73266d70"
  name = "github.com/stretchr/testify"
  packages = [
    "assert",
    "require",
    "suite",
  ]
  pruneopts = "UT"
  revision = "a979bdb3ad236b6a9f508e352e1202779149e8b6"

[[projects]]
  digest = "1:551b37d670385c3106a6cda2a8ed41d86018ec82df80d153b4b9011d9ec7e498"
  name = "github.com/tsuna/gohbase"
  packages = [
    ".",
    "filter",
    "hrpc",
    "internal/pb",
    "region",
    "zk",
  ]
  pruneopts = "UT"
  revision = "31c6161099f043b34b4111bf1a6ff53a87fb998a"

[[projects]]
  digest = "1:75ede9048c5bc62cddb68bd919c5daebdfed5eeaaa57146c3553d72810f02c8a"
  name = "github.com/twinj/uuid"
  packages = ["."]
  pruneopts = "UT"
  revision = "70cac2bcd273ef6a371bb96cde363d28b68734c3"

[[projects]]
  digest = "1:137a07d176f06db21c807d085339244f6a58ddac7d4f2fe5607a39392a2dcb5a"
  name = "golang.org/x/net"
  packages = ["context"]
  pruneopts = "UT"
  revision = "6c23252515492caf9b228a9d5cabcdbde29f7f82"

[[projects]]
  digest = "1:acd2782402c990b68ff76a57380b49d36c5d2db1b34cda0a97ff558ffe3f7639"
  name = "golang.org/x/sys"
  packages = ["unix"]
  pruneopts = "UT"
  revision = "9a7256cb28ed514b4e1e5f68959914c4c28a92e0"

[[projects]]
  digest = "1:81e285039f8cfb5660c3a07858b40884f80df28486953e6bf845405b306f2487"
  name = "gopkg.in/gcfg.v1"
  packages = [
    ".",
    "scanner",
    "token",
    "types",
  ]
  pruneopts = "UT"
  revision = "27e4946190b4a327b539185f2b5b1f7c84730728"
  version = "v1.2.0"

[[projects]]
  digest = "1:5052389c6c809eeced44ec24ff9958bfea70b9859b7a25061c6fd9086c8f8989"
  name = "gopkg.in/mgo.v2"
  packages = [
    ".",
    "bson",
    "internal/json",
    "internal/sasl",
    "internal/scram",
  ]
  pruneopts = "UT"
  revision = "3f83fa5005286a7fe593b055f0d7771a7dce4655"

[[projects]]
  digest = "1:9df3443440bf95dc72f21ffc33300eca3975edf4b899af969a577879afe551de"
  name = "gopkg.in/warnings.v0"
  packages = ["."]
  pruneopts = "UT"
  revision = "8a331561fe74dadba6edfc59f3be66c22c3b065d"
  version = "v0.1.1"

[solve-meta]
  analyzer-name = "dep"
  analyzer-version = 1
  input-imports = [
    "github.com/ARGOeu/go-lru-cache",
    "github.com/gorilla/context",
    "github.com/gorilla/handlers",
    "github.com/gorilla/mux",
    "github.com/stretchr/testify/suite",
    "github.com/tsuna/gohbase",
    "github.com/tsuna/gohbase/filter",
    "github.com/tsuna/gohbase/hrpc",
    "github.com/twinj/uuid",
    "gopkg.in/gcfg.v1",
    "gopkg.in/mgo.v2",
    "gopkg.in/mgo.v2/bson",
  ]
  solver-name = "gps-cdcl"
  solver-version = 1
